
Microsoft Visual Studio Solution File, Format Version 12.00
# Visual Studio Version 17
VisualStudioVersion = 17.8.34309.116
MinimumVisualStudioVersion = 10.0.40219.1
Project("{FAE04EC0-301F-11D3-BF4B-00C04F79EFBC}") = "DapperProject", "DapperProject\DapperProject.csproj", "{2266D455-CA9D-47F0-8844-B872A49DCCB4}"
EndProject
Global
	GlobalSection(SolutionConfigurationPlatforms) = preSolution
		Debug|Any CPU = Debug|Any CPU
		Release|Any CPU = Release|Any CPU
	EndGlobalSection
	GlobalSection(ProjectConfigurationPlatforms) = postSolution
		{2266D455-CA9D-47F0-8844-B872A49DCCB4}.Debug|Any CPU.ActiveCfg = Debug|Any CPU
		{2266D455-CA9D-47F0-8844-B872A49DCCB4}.Debug|Any CPU.Build.0 = Debug|Any CPU
		{2266D455-CA9D-47F0-8844-B872A49DCCB4}.Release|Any CPU.ActiveCfg = Release|Any CPU
		{2266D455-CA9D-47F0-8844-B872A49DCCB4}.Release|Any CPU.Build.0 = Release|Any CPU
	EndGlobalSection
	GlobalSection(SolutionProperties) = preSolution
		HideSolutionNode = FALSE
	EndGlobalSection
	GlobalSection(ExtensibilityGlobals) = postSolution
		SolutionGuid = {0D33857C-2E3B-4957-9DA1-B844A6CF517A}
	EndGlobalSection
EndGlobal
